github.com/aandryashin/matchers v0.0.0-20161126170413-435295ea180e h1:ogUKYFNcdYUIBSLibE4+EjbTJazoHr5JsWWx21Lpn8c=
github.com/aandryashin/matchers v0.0.0-20161126170413-435295ea180e/go.mod h1:cbmYNkm9xeQlNoWEPtOUcvNok2gSD7ErMnYkRW+eHi8=
github.com/docker/docker v1.6.1 h1:4xYASHy5cScPkLD7PO0uTmnVc860m9NarPN1X8zeMe8=
github.com/docker/docker v1.6.1/go.mod h1:eEKB0N0r5NX/I1kEveEz05bcu8tLC/8azJZsviup8Sk=
