# This file is autogenerated, do not edit; changes may be undone by the next 'dep ensure'.


[[projects]]
  branch = "master"
  name = "github.com/aandryashin/matchers"
  packages = ["."]
  revision = "435295ea180e58dbfa526db1ebab8c801b4c2b75"

[solve-meta]
  analyzer-name = "dep"
  analyzer-version = 1
  inputs-digest = "852367bcc20be3f95851f5ff09813cfc7862f5cb5e7c592636a4f80b69932751"
  solver-name = "gps-cdcl"
  solver-version = 1
